
Microsoft Visual Studio Solution File, Format Version 12.00
# Visual Studio 15
VisualStudioVersion = 15.0.27130.2010
MinimumVisualStudioVersion = 10.0.40219.1
Project("{FAE04EC0-301F-11D3-BF4B-00C04F79EFBC}") = "Tests", "Tests\Tests.csproj", "{9E4D2A29-5617-4807-BC37-5AE6938E0195}"
EndProject
Project("{FAE04EC0-301F-11D3-BF4B-00C04F79EFBC}") = "Horker.Math", "Horker.Math\Horker.Math.csproj", "{F4C2900E-ADFE-4612-A40C-19393FC2CEFF}"
EndProject
Global
	GlobalSection(SolutionConfigurationPlatforms) = preSolution
		Debug|Any CPU = Debug|Any CPU
		Release|Any CPU = Release|Any CPU
	EndGlobalSection
	GlobalSection(ProjectConfigurationPlatforms) = postSolution
		{9E4D2A29-5617-4807-BC37-5AE6938E0195}.Debug|Any CPU.ActiveCfg = Debug|Any CPU
		{9E4D2A29-5617-4807-BC37-5AE6938E0195}.Debug|Any CPU.Build.0 = Debug|Any CPU
		{9E4D2A29-5617-4807-BC37-5AE6938E0195}.Release|Any CPU.ActiveCfg = Release|Any CPU
		{9E4D2A29-5617-4807-BC37-5AE6938E0195}.Release|Any CPU.Build.0 = Release|Any CPU
		{F4C2900E-ADFE-4612-A40C-19393FC2CEFF}.Debug|Any CPU.ActiveCfg = Debug|Any CPU
		{F4C2900E-ADFE-4612-A40C-19393FC2CEFF}.Debug|Any CPU.Build.0 = Debug|Any CPU
		{F4C2900E-ADFE-4612-A40C-19393FC2CEFF}.Release|Any CPU.ActiveCfg = Release|Any CPU
		{F4C2900E-ADFE-4612-A40C-19393FC2CEFF}.Release|Any CPU.Build.0 = Release|Any CPU
	EndGlobalSection
	GlobalSection(SolutionProperties) = preSolution
		HideSolutionNode = FALSE
	EndGlobalSection
	GlobalSection(ExtensibilityGlobals) = postSolution
		SolutionGuid = {B9E873E5-7212-4F40-AB65-221CF93A53C5}
	EndGlobalSection
EndGlobal
